
Microsoft Visual Studio Solution File, Format Version 12.00
# Visual Studio Version 16
VisualStudioVersion = 16.0.32901.82
MinimumVisualStudioVersion = 10.0.40219.1
Project("{FAE04EC0-301F-11D3-BF4B-00C04F79EFBC}") = "Achme Accounting", "Achme Accounting\Achme Accounting.csproj", "{9EB8EE4A-7D92-40F2-9466-4280432861E1}"
EndProject
Global
	GlobalSection(SolutionConfigurationPlatforms) = preSolution
		Debug|Any CPU = Debug|Any CPU
		Release|Any CPU = Release|Any CPU
	EndGlobalSection
	GlobalSection(ProjectConfigurationPlatforms) = postSolution
		{9EB8EE4A-7D92-40F2-9466-4280432861E1}.Debug|Any CPU.ActiveCfg = Debug|Any CPU
		{9EB8EE4A-7D92-40F2-9466-4280432861E1}.Debug|Any CPU.Build.0 = Debug|Any CPU
		{9EB8EE4A-7D92-40F2-9466-4280432861E1}.Release|Any CPU.ActiveCfg = Release|Any CPU
		{9EB8EE4A-7D92-40F2-9466-4280432861E1}.Release|Any CPU.Build.0 = Release|Any CPU
	EndGlobalSection
	GlobalSection(SolutionProperties) = preSolution
		HideSolutionNode = FALSE
	EndGlobalSection
	GlobalSection(ExtensibilityGlobals) = postSolution
		SolutionGuid = {409EEDCA-7037-4A33-A37F-B78CC482D8A2}
	EndGlobalSection
EndGlobal
